// !$*UTF8*$!
{
	archiveVersion = 1;
	classes = {
	};
	objectVersion = 46;
	objects = {

/* Begin PBXBuildFile section */
		9E57DD9D1DAFB1E600E74D7B /* AppDelegate.swift in Sources */ = {isa = PBXBuildFile; fileRef = 9E57DD9C1DAFB1E600E74D7B /* AppDelegate.swift */; };
		9E57DD9F1DAFB1E700E74D7B /* ViewController.swift in Sources */ = {isa = PBXBuildFile; fileRef = 9E57DD9E1DAFB1E700E74D7B /* ViewController.swift */; };
		9E57DDA21DAFB1E700E74D7B /* Main.storyboard in Resources */ = {isa = PBXBuildFile; fileRef = 9E57DDA01DAFB1E700E74D7B /* Main.storyboard */; };
		9E57DDA41DAFB1E700E74D7B /* Assets.xcassets in Resources */ = {isa = PBXBuildFile; fileRef = 9E57DDA31DAFB1E700E74D7B /* Assets.xcassets */; };
		9E57DDA71DAFB1E700E74D7B /* LaunchScreen.storyboard in Resources */ = {isa = PBXBuildFile; fileRef = 9E57DDA51DAFB1E700E74D7B /* LaunchScreen.storyboard */; };
		9E57DDB21DAFB1E700E74D7B /* SaveTheDogsTests.swift in Sources */ = {isa = PBXBuildFile; fileRef = 9E57DDB11DAFB1E700E74D7B /* SaveTheDogsTests.swift */; };
		9E57DDBD1DAFB1E700E74D7B /* SaveTheDogsUITests.swift in Sources */ = {isa = PBXBuildFile; fileRef = 9E57DDBC1DAFB1E700E74D7B /* SaveTheDogsUITests.swift */; };
/* End PBXBuildFile section */

/* Begin PBXContainerItemProxy section */
		9E57DDAE1DAFB1E700E74D7B /* PBXContainerItemProxy */ = {
			isa = PBXContainerItemProxy;
			containerPortal = 9E57DD911DAFB1E600E74D7B /* Project object */;
			proxyType = 1;
			remoteGlobalIDString = 9E57DD981DAFB1E600E74D7B;
			remoteInfo = SaveTheDogs;
		};
		9E57DDB91DAFB1E700E74D7B /* PBXContainerItemProxy */ = {
			isa = PBXContainerItemProxy;
			containerPortal = 9E57DD911DAFB1E600E74D7B /* Project object */;
			proxyType = 1;
			remoteGlobalIDString = 9E57DD981DAFB1E600E74D7B;
			remoteInfo = SaveTheDogs;
		};
/* End PBXContainerItemProxy section */

/* Begin PBXFileReference section */
		9E57DD991DAFB1E600E74D7B /* SaveTheDogs.app */ = {isa = PBXFileReference; explicitFileType = wrapper.application; includeInIndex = 0; path = SaveTheDogs.app; sourceTree = BUILT_PRODUCTS_DIR; };
		9E57DD9C1DAFB1E600E74D7B /* AppDelegate.swift */ = {isa = PBXFileReference; lastKnownFileType = sourcecode.swift; path = AppDelegate.swift; sourceTree = "<group>"; };
		9E57DD9E1DAFB1E700E74D7B /* ViewController.swift */ = {isa = PBXFileReference; lastKnownFileType = sourcecode.swift; path = ViewController.swift; sourceTree = "<group>"; };
		9E57DDA11DAFB1E700E74D7B /* Base */ = {isa = PBXFileReference; lastKnownFileType = file.storyboard; name = Base; path = Base.lproj/Main.storyboard; sourceTree = "<group>"; };
		9E57DDA31DAFB1E700E74D7B /* Assets.xcassets */ = {isa = PBXFileReference; lastKnownFileType = folder.assetcatalog; path = Assets.xcassets; sourceTree = "<group>"; };
		9E57DDA61DAFB1E700E74D7B /* Base */ = {isa = PBXFileReference; lastKnownFileType = file.storyboard; name = Base; path = Base.lproj/LaunchScreen.storyboard; sourceTree = "<group>"; };
		9E57DDA81DAFB1E700E74D7B /* Info.plist */ = {isa = PBXFileReference; lastKnownFileType = text.plist.xml; path = Info.plist; sourceTree = "<group>"; };
		9E57DDAD1DAFB1E700E74D7B /* SaveTheDogsTests.xctest */ = {isa = PBXFileReference; explicitFileType = wrapper.cfbundle; includeInIndex = 0; path = SaveTheDogsTests.xctest; sourceTree = BUILT_PRODUCTS_DIR; };
		9E57DDB11DAFB1E700E74D7B /* SaveTheDogsTests.swift */ = {isa = PBXFileReference; lastKnownFileType = sourcecode.swift; path = SaveTheDogsTests.swift; sourceTree = "<group>"; };
		9E57DDB31DAFB1E700E74D7B /* Info.plist */ = {isa = PBXFileReference; lastKnownFileType = text.plist.xml; path = Info.plist; sourceTree = "<group>"; };
		9E57DDB81DAFB1E700E74D7B /* SaveTheDogsUITests.xctest */ = {isa = PBXFileReference; explicitFileType = wrapper.cfbundle; includeInIndex = 0; path = SaveTheDogsUITests.xctest; sourceTree = BUILT_PRODUCTS_DIR; };
		9E57DDBC1DAFB1E700E74D7B /* SaveTheDogsUITests.swift */ = {isa = PBXFileReference; lastKnownFileType = sourcecode.swift; path = SaveTheDogsUITests.swift; sourceTree = "<group>"; };
		9E57DDBE1DAFB1E700E74D7B /* Info.plist */ = {isa = PBXFileReference; lastKnownFileType = text.plist.xml; path = Info.plist; sourceTree = "<group>"; };
/* End PBXFileReference section */

/* Begin PBXFrameworksBuildPhase section */
		9E57DD961DAFB1E600E74D7B /* Frameworks */ = {
			isa = PBXFrameworksBuildPhase;
			buildActionMask = 2147483647;
			files = (
			);
			runOnlyForDeploymentPostprocessing = 0;
		};
		9E57DDAA1DAFB1E700E74D7B /* Frameworks */ = {
			isa = PBXFrameworksBuildPhase;
			buildActionMask = 2147483647;
			files = (
			);
			runOnlyForDeploymentPostprocessing = 0;
		};
		9E57DDB51DAFB1E700E74D7B /* Frameworks */ = {
			isa = PBXFrameworksBuildPhase;
			buildActionMask = 2147483647;
			files = (
			);
			runOnlyForDeploymentPostprocessing = 0;
		};
/* End PBXFrameworksBuildPhase section */

/* Begin PBXGroup section */
		9E57DD901DAFB1E600E74D7B = {
			isa = PBXGroup;
			children = (
				9E57DD9B1DAFB1E600E74D7B /* SaveTheDogs */,
				9E57DDB01DAFB1E700E74D7B /* SaveTheDogsTests */,
				9E57DDBB1DAFB1E700E74D7B /* SaveTheDogsUITests */,
				9E57DD9A1DAFB1E600E74D7B /* Products */,
			);
			sourceTree = "<group>";
		};
		9E57DD9A1DAFB1E600E74D7B /* Products */ = {
			isa = PBXGroup;
			children = (
				9E57DD991DAFB1E600E74D7B /* SaveTheDogs.app */,
				9E57DDAD1DAFB1E700E74D7B /* SaveTheDogsTests.xctest */,
				9E57DDB81DAFB1E700E74D7B /* SaveTheDogsUITests.xctest */,
			);
			name = Products;
			sourceTree = "<group>";
		};
		9E57DD9B1DAFB1E600E74D7B /* SaveTheDogs */ = {
			isa = PBXGroup;
			children = (
				9E57DD9C1DAFB1E600E74D7B /* AppDelegate.swift */,
				9E57DD9E1DAFB1E700E74D7B /* ViewController.swift */,
				9E57DDA01DAFB1E700E74D7B /* Main.storyboard */,
				9E57DDA31DAFB1E700E74D7B /* Assets.xcassets */,
				9E57DDA51DAFB1E700E74D7B /* LaunchScreen.storyboard */,
				9E57DDA81DAFB1E700E74D7B /* Info.plist */,
			);
			path = SaveTheDogs;
			sourceTree = "<group>";
		};
		9E57DDB01DAFB1E700E74D7B /* SaveTheDogsTests */ = {
			isa = PBXGroup;
			children = (
				9E57DDB11DAFB1E700E74D7B /* SaveTheDogsTests.swift */,
				9E57DDB31DAFB1E700E74D7B /* Info.plist */,
			);
			path = SaveTheDogsTests;
			sourceTree = "<group>";
		};
		9E57DDBB1DAFB1E700E74D7B /* SaveTheDogsUITests */ = {
			isa = PBXGroup;
			children = (
				9E57DDBC1DAFB1E700E74D7B /* SaveTheDogsUITests.swift */,
				9E57DDBE1DAFB1E700E74D7B /* Info.plist */,
			);
			path = SaveTheDogsUITests;
			sourceTree = "<group>";
		};
/* End PBXGroup section */

/* Begin PBXNativeTarget section */
		9E57DD981DAFB1E600E74D7B /* SaveTheDogs */ = {
			isa = PBXNativeTarget;
			buildConfigurationList = 9E57DDC11DAFB1E700E74D7B /* Build configuration list for PBXNativeTarget "SaveTheDogs" */;
			buildPhases = (
				9E57DD951DAFB1E600E74D7B /* Sources */,
				9E57DD961DAFB1E600E74D7B /* Frameworks */,
				9E57DD971DAFB1E600E74D7B /* Resources */,
			);
			buildRules = (
			);
			dependencies = (
			);
			name = SaveTheDogs;
			productName = SaveTheDogs;
			productReference = 9E57DD991DAFB1E600E74D7B /* SaveTheDogs.app */;
			productType = "com.apple.product-type.application";
		};
		9E57DDAC1DAFB1E700E74D7B /* SaveTheDogsTests */ = {
			isa = PBXNativeTarget;
			buildConfigurationList = 9E57DDC41DAFB1E700E74D7B /* Build configuration list for PBXNativeTarget "SaveTheDogsTests" */;
			buildPhases = (
				9E57DDA91DAFB1E700E74D7B /* Sources */,
				9E57DDAA1DAFB1E700E74D7B /* Frameworks */,
				9E57DDAB1DAFB1E700E74D7B /* Resources */,
			);
			buildRules = (
			);
			dependencies = (
				9E57DDAF1DAFB1E700E74D7B /* PBXTargetDependency */,
			);
			name = SaveTheDogsTests;
			productName = SaveTheDogsTests;
			productReference = 9E57DDAD1DAFB1E700E74D7B /* SaveTheDogsTests.xctest */;
			productType = "com.apple.product-type.bundle.unit-test";
		};
		9E57DDB71DAFB1E700E74D7B /* SaveTheDogsUITests */ = {
			isa = PBXNativeTarget;
			buildConfigurationList = 9E57DDC71DAFB1E700E74D7B /* Build configuration list for PBXNativeTarget "SaveTheDogsUITests" */;
			buildPhases = (
				9E57DDB41DAFB1E700E74D7B /* Sources */,
				9E57DDB51DAFB1E700E74D7B /* Frameworks */,
				9E57DDB61DAFB1E700E74D7B /* Resources */,
			);
			buildRules = (
			);
			dependencies = (
				9E57DDBA1DAFB1E700E74D7B /* PBXTargetDependency */,
			);
			name = SaveTheDogsUITests;
			productName = SaveTheDogsUITests;
			productReference = 9E57DDB81DAFB1E700E74D7B /* SaveTheDogsUITests.xctest */;
			productType = "com.apple.product-type.bundle.ui-testing";
		};
/* End PBXNativeTarget section */

/* Begin PBXProject section */
		9E57DD911DAFB1E600E74D7B /* Project object */ = {
			isa = PBXProject;
			attributes = {
				LastSwiftUpdateCheck = 0800;
				LastUpgradeCheck = 0800;
				ORGANIZATIONNAME = "Douglas Hartill";
				TargetAttributes = {
					9E57DD981DAFB1E600E74D7B = {
						CreatedOnToolsVersion = 8.0;
						DevelopmentTeam = LBZWXYJ5CU;
						ProvisioningStyle = Automatic;
					};
					9E57DDAC1DAFB1E700E74D7B = {
						CreatedOnToolsVersion = 8.0;
						DevelopmentTeam = LBZWXYJ5CU;
						ProvisioningStyle = Automatic;
						TestTargetID = 9E57DD981DAFB1E600E74D7B;
					};
					9E57DDB71DAFB1E700E74D7B = {
						CreatedOnToolsVersion = 8.0;
						DevelopmentTeam = LBZWXYJ5CU;
						ProvisioningStyle = Automatic;
						TestTargetID = 9E57DD981DAFB1E600E74D7B;
					};
				};
			};
			buildConfigurationList = 9E57DD941DAFB1E600E74D7B /* Build configuration list for PBXProject "SaveTheDogs" */;
			compatibilityVersion = "Xcode 3.2";
			developmentRegion = English;
			hasScannedForEncodings = 0;
			knownRegions = (
				en,
				Base,
			);
			mainGroup = 9E57DD901DAFB1E600E74D7B;
			productRefGroup = 9E57DD9A1DAFB1E600E74D7B /* Products */;
			projectDirPath = "";
			projectRoot = "";
			targets = (
				9E57DD981DAFB1E600E74D7B /* SaveTheDogs */,
				9E57DDAC1DAFB1E700E74D7B /* SaveTheDogsTests */,
				9E57DDB71DAFB1E700E74D7B /* SaveTheDogsUITests */,
			);
		};
/* End PBXProject section */

/* Begin PBXResourcesBuildPhase section */
		9E57DD971DAFB1E600E74D7B /* Resources */ = {
			isa = PBXResourcesBuildPhase;
			buildActionMask = 2147483647;
			files = (
				9E57DDA71DAFB1E700E74D7B /* LaunchScreen.storyboard in Resources */,
				9E57DDA41DAFB1E700E74D7B /* Assets.xcassets in Resources */,
				9E57DDA21DAFB1E700E74D7B /* Main.storyboard in Resources */,
			);
			runOnlyForDeploymentPostprocessing = 0;
		};
		9E57DDAB1DAFB1E700E74D7B /* Resources */ = {
			isa = PBXResourcesBuildPhase;
			buildActionMask = 2147483647;
			files = (
			);
			runOnlyForDeploymentPostprocessing = 0;
		};
		9E57DDB61DAFB1E700E74D7B /* Resources */ = {
			isa = PBXResourcesBuildPhase;
			buildActionMask = 2147483647;
			files = (
			);
			runOnlyForDeploymentPostprocessing = 0;
		};
/* End PBXResourcesBuildPhase section */

/* Begin PBXSourcesBuildPhase section */
		9E57DD951DAFB1E600E74D7B /* Sources */ = {
			isa = PBXSourcesBuildPhase;
			buildActionMask = 2147483647;
			files = (
				9E57DD9F1DAFB1E700E74D7B /* ViewController.swift in Sources */,
				9E57DD9D1DAFB1E600E74D7B /* AppDelegate.swift in Sources */,
			);
			runOnlyForDeploymentPostprocessing = 0;
		};
		9E57DDA91DAFB1E700E74D7B /* Sources */ = {
			isa = PBXSourcesBuildPhase;
			buildActionMask = 2147483647;
			files = (
				9E57DDB21DAFB1E700E74D7B /* SaveTheDogsTests.swift in Sources */,
			);
			runOnlyForDeploymentPostprocessing = 0;
		};
		9E57DDB41DAFB1E700E74D7B /* Sources */ = {
			isa = PBXSourcesBuildPhase;
			buildActionMask = 2147483647;
			files = (
				9E57DDBD1DAFB1E700E74D7B /* SaveTheDogsUITests.swift in Sources */,
			);
			runOnlyForDeploymentPostprocessing = 0;
		};
/* End PBXSourcesBuildPhase section */

/* Begin PBXTargetDependency section */
		9E57DDAF1DAFB1E700E74D7B /* PBXTargetDependency */ = {
			isa = PBXTargetDependency;
			target = 9E57DD981DAFB1E600E74D7B /* SaveTheDogs */;
			targetProxy = 9E57DDAE1DAFB1E700E74D7B /* PBXContainerItemProxy */;
		};
		9E57DDBA1DAFB1E700E74D7B /* PBXTargetDependency */ = {
			isa = PBXTargetDependency;
			target = 9E57DD981DAFB1E600E74D7B /* SaveTheDogs */;
			targetProxy = 9E57DDB91DAFB1E700E74D7B /* PBXContainerItemProxy */;
		};
/* End PBXTargetDependency section */

/* Begin PBXVariantGroup section */
		9E57DDA01DAFB1E700E74D7B /* Main.storyboard */ = {
			isa = PBXVariantGroup;
			children = (
				9E57DDA11DAFB1E700E74D7B /* Base */,
			);
			name = Main.storyboard;
			sourceTree = "<group>";
		};
		9E57DDA51DAFB1E700E74D7B /* LaunchScreen.storyboard */ = {
			isa = PBXVariantGroup;
			children = (
				9E57DDA61DAFB1E700E74D7B /* Base */,
			);
			name = LaunchScreen.storyboard;
			sourceTree = "<group>";
		};
/* End PBXVariantGroup section */

/* Begin XCBuildConfiguration section */
		9E57DDBF1DAFB1E700E74D7B /* Debug */ = {
			isa = XCBuildConfiguration;
			buildSettings = {
				ALWAYS_SEARCH_USER_PATHS = NO;
				CLANG_ANALYZER_NONNULL = YES;
				CLANG_CXX_LANGUAGE_STANDARD = "gnu++0x";
				CLANG_CXX_LIBRARY = "libc++";
				CLANG_ENABLE_MODULES = YES;
				CLANG_ENABLE_OBJC_ARC = YES;
				CLANG_WARN_BOOL_CONVERSION = YES;
				CLANG_WARN_CONSTANT_CONVERSION = YES;
				CLANG_WARN_DIRECT_OBJC_ISA_USAGE = YES_ERROR;
				CLANG_WARN_DOCUMENTATION_COMMENTS = YES;
				CLANG_WARN_EMPTY_BODY = YES;
				CLANG_WARN_ENUM_CONVERSION = YES;
				CLANG_WARN_INFINITE_RECURSION = YES;
				CLANG_WARN_INT_CONVERSION = YES;
				CLANG_WARN_OBJC_ROOT_CLASS = YES_ERROR;
				CLANG_WARN_SUSPICIOUS_MOVES = YES;
				CLANG_WARN_UNREACHABLE_CODE = YES;
				CLANG_WARN__DUPLICATE_METHOD_MATCH = YES;
				"CODE_SIGN_IDENTITY[sdk=iphoneos*]" = "iPhone Developer";
				COPY_PHASE_STRIP = NO;
				DEBUG_INFORMATION_FORMAT = dwarf;
				ENABLE_STRICT_OBJC_MSGSEND = YES;
				ENABLE_TESTABILITY = YES;
				GCC_C_LANGUAGE_STANDARD = gnu99;
				GCC_DYNAMIC_NO_PIC = NO;
				GCC_NO_COMMON_BLOCKS = YES;
				GCC_OPTIMIZATION_LEVEL = 0;
				GCC_PREPROCESSOR_DEFINITIONS = (
					"DEBUG=1",
					"$(inherited)",
				);
				GCC_WARN_64_TO_32_BIT_CONVERSION = YES;
				GCC_WARN_ABOUT_RETURN_TYPE = YES_ERROR;
				GCC_WARN_UNDECLARED_SELECTOR = YES;
				GCC_WARN_UNINITIALIZED_AUTOS = YES_AGGRESSIVE;
				GCC_WARN_UNUSED_FUNCTION = YES;
				GCC_WARN_UNUSED_VARIABLE = YES;
				IPHONEOS_DEPLOYMENT_TARGET = 10.0;
				MTL_ENABLE_DEBUG_INFO = YES;
				ONLY_ACTIVE_ARCH = YES;
				SDKROOT = iphoneos;
				SWIFT_ACTIVE_COMPILATION_CONDITIONS = DEBUG;
				SWIFT_OPTIMIZATION_LEVEL = "-Onone";
			};
			name = Debug;
		};
		9E57DDC01DAFB1E700E74D7B /* Release */ = {
			isa = XCBuildConfiguration;
			buildSettings = {
				ALWAYS_SEARCH_USER_PATHS = NO;
				CLANG_ANALYZER_NONNULL = YES;
				CLANG_CXX_LANGUAGE_STANDARD = "gnu++0x";
				CLANG_CXX_LIBRARY = "libc++";
				CLANG_ENABLE_MODULES = YES;
				CLANG_ENABLE_OBJC_ARC = YES;
				CLANG_WARN_BOOL_CONVERSION = YES;
				CLANG_WARN_CONSTANT_CONVERSION = YES;
				CLANG_WARN_DIRECT_OBJC_ISA_USAGE = YES_ERROR;
				CLANG_WARN_DOCUMENTATION_COMMENTS = YES;
				CLANG_WARN_EMPTY_BODY = YES;
				CLANG_WARN_ENUM_CONVERSION = YES;
				CLANG_WARN_INFINITE_RECURSION = YES;
				CLANG_WARN_INT_CONVERSION = YES;
				CLANG_WARN_OBJC_ROOT_CLASS = YES_ERROR;
				CLANG_WARN_SUSPICIOUS_MOVES = YES;
				CLANG_WARN_UNREACHABLE_CODE = YES;
				CLANG_WARN__DUPLICATE_METHOD_MATCH = YES;
				"CODE_SIGN_IDENTITY[sdk=iphoneos*]" = "iPhone Developer";
				COPY_PHASE_STRIP = NO;
				DEBUG_INFORMATION_FORMAT = "dwarf-with-dsym";
				ENABLE_NS_ASSERTIONS = NO;
				ENABLE_STRICT_OBJC_MSGSEND = YES;
				GCC_C_LANGUAGE_STANDARD = gnu99;
				GCC_NO_COMMON_BLOCKS = YES;
				GCC_WARN_64_TO_32_BIT_CONVERSION = YES;
				GCC_WARN_ABOUT_RETURN_TYPE = YES_ERROR;
				GCC_WARN_UNDECLARED_SELECTOR = YES;
				GCC_WARN_UNINITIALIZED_AUTOS = YES_AGGRESSIVE;
				GCC_WARN_UNUSED_FUNCTION = YES;
				GCC_WARN_UNUSED_VARIABLE = YES;
				IPHONEOS_DEPLOYMENT_TARGET = 10.0;
				MTL_ENABLE_DEBUG_INFO = NO;
				SDKROOT = iphoneos;
				SWIFT_OPTIMIZATION_LEVEL = "-Owholemodule";
				VALIDATE_PRODUCT = YES;
			};
			name = Release;
		};
		9E57DDC21DAFB1E700E74D7B /* Debug */ = {
			isa = XCBuildConfiguration;
			buildSettings = {
				ASSETCATALOG_COMPILER_APPICON_NAME = AppIcon;
				DEVELOPMENT_TEAM = LBZWXYJ5CU;
				INFOPLIST_FILE = SaveTheDogs/Info.plist;
				LD_RUNPATH_SEARCH_PATHS = "$(inherited) @executable_path/Frameworks";
				PRODUCT_BUNDLE_IDENTIFIER = Hart3.SaveTheDogs;
				PRODUCT_NAME = "$(TARGET_NAME)";
				SWIFT_VERSION = 3.0;
			};
			name = Debug;
		};
		9E57DDC31DAFB1E700E74D7B /* Release */ = {
			isa = XCBuildConfiguration;
			buildSettings = {
				ASSETCATALOG_COMPILER_APPICON_NAME = AppIcon;
				DEVELOPMENT_TEAM = LBZWXYJ5CU;
				INFOPLIST_FILE = SaveTheDogs/Info.plist;
				LD_RUNPATH_SEARCH_PATHS = "$(inherited) @executable_path/Frameworks";
				PRODUCT_BUNDLE_IDENTIFIER = Hart3.SaveTheDogs;
				PRODUCT_NAME = "$(TARGET_NAME)";
				SWIFT_VERSION = 3.0;
			};
			name = Release;
		};
		9E57DDC51DAFB1E700E74D7B /* Debug */ = {
			isa = XCBuildConfiguration;
			buildSettings = {
				ALWAYS_EMBED_SWIFT_STANDARD_LIBRARIES = YES;
				BUNDLE_LOADER = "$(TEST_HOST)";
				DEVELOPMENT_TEAM = LBZWXYJ5CU;
				INFOPLIST_FILE = SaveTheDogsTests/Info.plist;
				LD_RUNPATH_SEARCH_PATHS = "$(inherited) @executable_path/Frameworks @loader_path/Frameworks";
				PRODUCT_BUNDLE_IDENTIFIER = Hart3.SaveTheDogsTests;
				PRODUCT_NAME = "$(TARGET_NAME)";
				SWIFT_VERSION = 3.0;
				TEST_HOST = "$(BUILT_PRODUCTS_DIR)/SaveTheDogs.app/SaveTheDogs";
			};
			name = Debug;
		};
		9E57DDC61DAFB1E700E74D7B /* Release */ = {
			isa = XCBuildConfiguration;
			buildSettings = {
				ALWAYS_EMBED_SWIFT_STANDARD_LIBRARIES = YES;
				BUNDLE_LOADER = "$(TEST_HOST)";
				DEVELOPMENT_TEAM = LBZWXYJ5CU;
				INFOPLIST_FILE = SaveTheDogsTests/Info.plist;
				LD_RUNPATH_SEARCH_PATHS = "$(inherited) @executable_path/Frameworks @loader_path/Frameworks";
				PRODUCT_BUNDLE_IDENTIFIER = Hart3.SaveTheDogsTests;
				PRODUCT_NAME = "$(TARGET_NAME)";
				SWIFT_VERSION = 3.0;
				TEST_HOST = "$(BUILT_PRODUCTS_DIR)/SaveTheDogs.app/SaveTheDogs";
			};
			name = Release;
		};
		9E57DDC81DAFB1E700E74D7B /* Debug */ = {
			isa = XCBuildConfiguration;
			buildSettings = {
				ALWAYS_EMBED_SWIFT_STANDARD_LIBRARIES = YES;
				DEVELOPMENT_TEAM = LBZWXYJ5CU;
				INFOPLIST_FILE = SaveTheDogsUITests/Info.plist;
				LD_RUNPATH_SEARCH_PATHS = "$(inherited) @executable_path/Frameworks @loader_path/Frameworks";
				PRODUCT_BUNDLE_IDENTIFIER = Hart3.SaveTheDogsUITests;
				PRODUCT_NAME = "$(TARGET_NAME)";
				SWIFT_VERSION = 3.0;
				TEST_TARGET_NAME = SaveTheDogs;
			};
			name = Debug;
		};
		9E57DDC91DAFB1E700E74D7B /* Release */ = {
			isa = XCBuildConfiguration;
			buildSettings = {
				ALWAYS_EMBED_SWIFT_STANDARD_LIBRARIES = YES;
				DEVELOPMENT_TEAM = LBZWXYJ5CU;
				INFOPLIST_FILE = SaveTheDogsUITests/Info.plist;
				LD_RUNPATH_SEARCH_PATHS = "$(inherited) @executable_path/Frameworks @loader_path/Frameworks";
				PRODUCT_BUNDLE_IDENTIFIER = Hart3.SaveTheDogsUITests;
				PRODUCT_NAME = "$(TARGET_NAME)";
				SWIFT_VERSION = 3.0;
				TEST_TARGET_NAME = SaveTheDogs;
			};
			name = Release;
		};
/* End XCBuildConfiguration section */

/* Begin XCConfigurationList section */
		9E57DD941DAFB1E600E74D7B /* Build configuration list for PBXProject "SaveTheDogs" */ = {
			isa = XCConfigurationList;
			buildConfigurations = (
				9E57DDBF1DAFB1E700E74D7B /* Debug */,
				9E57DDC01DAFB1E700E74D7B /* Release */,
			);
			defaultConfigurationIsVisible = 0;
			defaultConfigurationName = Release;
		};
		9E57DDC11DAFB1E700E74D7B /* Build configuration list for PBXNativeTarget "SaveTheDogs" */ = {
			isa = XCConfigurationList;
			buildConfigurations = (
				9E57DDC21DAFB1E700E74D7B /* Debug */,
				9E57DDC31DAFB1E700E74D7B /* Release */,
			);
			defaultConfigurationIsVisible = 0;
		};
		9E57DDC41DAFB1E700E74D7B /* Build configuration list for PBXNativeTarget "SaveTheDogsTests" */ = {
			isa = XCConfigurationList;
			buildConfigurations = (
				9E57DDC51DAFB1E700E74D7B /* Debug */,
				9E57DDC61DAFB1E700E74D7B /* Release */,
			);
			defaultConfigurationIsVisible = 0;
		};
		9E57DDC71DAFB1E700E74D7B /* Build configuration list for PBXNativeTarget "SaveTheDogsUITests" */ = {
			isa = XCConfigurationList;
			buildConfigurations = (
				9E57DDC81DAFB1E700E74D7B /* Debug */,
				9E57DDC91DAFB1E700E74D7B /* Release */,
			);
			defaultConfigurationIsVisible = 0;
		};
/* End XCConfigurationList section */
	};
	rootObject = 9E57DD911DAFB1E600E74D7B /* Project object */;
}
